
Microsoft Visual Studio Solution File, Format Version 12.00
# Visual Studio Version 17
VisualStudioVersion = 17.14.36301.6 d17.14
MinimumVisualStudioVersion = 10.0.40219.1
Project("{FAE04EC0-301F-11D3-BF4B-00C04F79EFBC}") = "ProductInventorySystem", "ProductInventorySystem\ProductInventorySystem.csproj", "{1C7E399E-47BD-469E-8F2B-91F87477F808}"
EndProject
Global
	GlobalSection(SolutionConfigurationPlatforms) = preSolution
		Debug|Any CPU = Debug|Any CPU
		Release|Any CPU = Release|Any CPU
	EndGlobalSection
	GlobalSection(ProjectConfigurationPlatforms) = postSolution
		{1C7E399E-47BD-469E-8F2B-91F87477F808}.Debug|Any CPU.ActiveCfg = Debug|Any CPU
		{1C7E399E-47BD-469E-8F2B-91F87477F808}.Debug|Any CPU.Build.0 = Debug|Any CPU
		{1C7E399E-47BD-469E-8F2B-91F87477F808}.Release|Any CPU.ActiveCfg = Release|Any CPU
		{1C7E399E-47BD-469E-8F2B-91F87477F808}.Release|Any CPU.Build.0 = Release|Any CPU
	EndGlobalSection
	GlobalSection(SolutionProperties) = preSolution
		HideSolutionNode = FALSE
	EndGlobalSection
	GlobalSection(ExtensibilityGlobals) = postSolution
		SolutionGuid = {436CF502-6195-4F35-9ABB-2788C8B6AA28}
	EndGlobalSection
EndGlobal
